
Microsoft Visual Studio Solution File, Format Version 12.00
# Visual Studio 15
Project("{FAE04EC0-301F-11D3-BF4B-00C04F79EFBC}") = "KartGame", "KartGame.csproj", "{B1FB49BC-7F76-144D-BD82-190C46B5D507}"
EndProject
Project("{FAE04EC0-301F-11D3-BF4B-00C04F79EFBC}") = "Assembly-CSharp", "Assembly-CSharp.csproj", "{959FE339-3966-9B5D-7E2F-5B8FAFC008FA}"
EndProject
Project("{FAE04EC0-301F-11D3-BF4B-00C04F79EFBC}") = "MLAgentsToolKit", "MLAgentsToolKit.csproj", "{21E1EDC1-D3D4-38C1-BC35-02D852F8F820}"
EndProject
Project("{FAE04EC0-301F-11D3-BF4B-00C04F79EFBC}") = "KartGame.AI", "KartGame.AI.csproj", "{1BA99EE7-808D-9787-1DC9-A60E8CFF790C}"
EndProject
Project("{FAE04EC0-301F-11D3-BF4B-00C04F79EFBC}") = "MLAgentsToolKit.Editor", "MLAgentsToolKit.Editor.csproj", "{81A08B2F-CC82-C9F2-9AA7-B98DF77DCD9B}"
EndProject
Project("{FAE04EC0-301F-11D3-BF4B-00C04F79EFBC}") = "KartGame.Editor", "KartGame.Editor.csproj", "{D2E2719B-9C96-E6F1-BE18-89FE30591A15}"
EndProject
Project("{FAE04EC0-301F-11D3-BF4B-00C04F79EFBC}") = "KartGame.AI.Editor", "KartGame.AI.Editor.csproj", "{5B5828BE-2CB5-BF75-E73E-880B3640652F}"
EndProject
Global
	GlobalSection(SolutionConfigurationPlatforms) = preSolution
		Debug|Any CPU = Debug|Any CPU
		Release|Any CPU = Release|Any CPU
	EndGlobalSection
	GlobalSection(ProjectConfigurationPlatforms) = postSolution
		{B1FB49BC-7F76-144D-BD82-190C46B5D507}.Debug|Any CPU.ActiveCfg = Debug|Any CPU
		{B1FB49BC-7F76-144D-BD82-190C46B5D507}.Debug|Any CPU.Build.0 = Debug|Any CPU
		{B1FB49BC-7F76-144D-BD82-190C46B5D507}.Release|Any CPU.ActiveCfg = Release|Any CPU
		{B1FB49BC-7F76-144D-BD82-190C46B5D507}.Release|Any CPU.Build.0 = Release|Any CPU
		{959FE339-3966-9B5D-7E2F-5B8FAFC008FA}.Debug|Any CPU.ActiveCfg = Debug|Any CPU
		{959FE339-3966-9B5D-7E2F-5B8FAFC008FA}.Debug|Any CPU.Build.0 = Debug|Any CPU
		{959FE339-3966-9B5D-7E2F-5B8FAFC008FA}.Release|Any CPU.ActiveCfg = Release|Any CPU
		{959FE339-3966-9B5D-7E2F-5B8FAFC008FA}.Release|Any CPU.Build.0 = Release|Any CPU
		{21E1EDC1-D3D4-38C1-BC35-02D852F8F820}.Debug|Any CPU.ActiveCfg = Debug|Any CPU
		{21E1EDC1-D3D4-38C1-BC35-02D852F8F820}.Debug|Any CPU.Build.0 = Debug|Any CPU
		{21E1EDC1-D3D4-38C1-BC35-02D852F8F820}.Release|Any CPU.ActiveCfg = Release|Any CPU
		{21E1EDC1-D3D4-38C1-BC35-02D852F8F820}.Release|Any CPU.Build.0 = Release|Any CPU
		{1BA99EE7-808D-9787-1DC9-A60E8CFF790C}.Debug|Any CPU.ActiveCfg = Debug|Any CPU
		{1BA99EE7-808D-9787-1DC9-A60E8CFF790C}.Debug|Any CPU.Build.0 = Debug|Any CPU
		{1BA99EE7-808D-9787-1DC9-A60E8CFF790C}.Release|Any CPU.ActiveCfg = Release|Any CPU
		{1BA99EE7-808D-9787-1DC9-A60E8CFF790C}.Release|Any CPU.Build.0 = Release|Any CPU
		{81A08B2F-CC82-C9F2-9AA7-B98DF77DCD9B}.Debug|Any CPU.ActiveCfg = Debug|Any CPU
		{81A08B2F-CC82-C9F2-9AA7-B98DF77DCD9B}.Debug|Any CPU.Build.0 = Debug|Any CPU
		{81A08B2F-CC82-C9F2-9AA7-B98DF77DCD9B}.Release|Any CPU.ActiveCfg = Release|Any CPU
		{81A08B2F-CC82-C9F2-9AA7-B98DF77DCD9B}.Release|Any CPU.Build.0 = Release|Any CPU
		{D2E2719B-9C96-E6F1-BE18-89FE30591A15}.Debug|Any CPU.ActiveCfg = Debug|Any CPU
		{D2E2719B-9C96-E6F1-BE18-89FE30591A15}.Debug|Any CPU.Build.0 = Debug|Any CPU
		{D2E2719B-9C96-E6F1-BE18-89FE30591A15}.Release|Any CPU.ActiveCfg = Release|Any CPU
		{D2E2719B-9C96-E6F1-BE18-89FE30591A15}.Release|Any CPU.Build.0 = Release|Any CPU
		{5B5828BE-2CB5-BF75-E73E-880B3640652F}.Debug|Any CPU.ActiveCfg = Debug|Any CPU
		{5B5828BE-2CB5-BF75-E73E-880B3640652F}.Debug|Any CPU.Build.0 = Debug|Any CPU
		{5B5828BE-2CB5-BF75-E73E-880B3640652F}.Release|Any CPU.ActiveCfg = Release|Any CPU
		{5B5828BE-2CB5-BF75-E73E-880B3640652F}.Release|Any CPU.Build.0 = Release|Any CPU
	EndGlobalSection
	GlobalSection(SolutionProperties) = preSolution
		HideSolutionNode = FALSE
	EndGlobalSection
EndGlobal
